
Microsoft Visual Studio Solution File, Format Version 12.00
# Visual Studio Version 16
VisualStudioVersion = 16.0.30907.101
MinimumVisualStudioVersion = 10.0.40219.1
Project("{FAE04EC0-301F-11D3-BF4B-00C04F79EFBC}") = "ExamReview", "ExamReview\ExamReview.csproj", "{757D2DDF-A212-4D88-B7CD-BC662C012014}"
EndProject
Project("{FAE04EC0-301F-11D3-BF4B-00C04F79EFBC}") = "newexample", "newexample\newexample.csproj", "{BD8A4580-7EDA-4589-A7F2-92188F85FADE}"
EndProject
Global
	GlobalSection(SolutionConfigurationPlatforms) = preSolution
		Debug|Any CPU = Debug|Any CPU
		Release|Any CPU = Release|Any CPU
	EndGlobalSection
	GlobalSection(ProjectConfigurationPlatforms) = postSolution
		{757D2DDF-A212-4D88-B7CD-BC662C012014}.Debug|Any CPU.ActiveCfg = Debug|Any CPU
		{757D2DDF-A212-4D88-B7CD-BC662C012014}.Debug|Any CPU.Build.0 = Debug|Any CPU
		{757D2DDF-A212-4D88-B7CD-BC662C012014}.Release|Any CPU.ActiveCfg = Release|Any CPU
		{757D2DDF-A212-4D88-B7CD-BC662C012014}.Release|Any CPU.Build.0 = Release|Any CPU
		{BD8A4580-7EDA-4589-A7F2-92188F85FADE}.Debug|Any CPU.ActiveCfg = Debug|Any CPU
		{BD8A4580-7EDA-4589-A7F2-92188F85FADE}.Debug|Any CPU.Build.0 = Debug|Any CPU
		{BD8A4580-7EDA-4589-A7F2-92188F85FADE}.Release|Any CPU.ActiveCfg = Release|Any CPU
		{BD8A4580-7EDA-4589-A7F2-92188F85FADE}.Release|Any CPU.Build.0 = Release|Any CPU
	EndGlobalSection
	GlobalSection(SolutionProperties) = preSolution
		HideSolutionNode = FALSE
	EndGlobalSection
	GlobalSection(ExtensibilityGlobals) = postSolution
		SolutionGuid = {63370757-DDAD-4226-A77D-2443A61A657E}
	EndGlobalSection
EndGlobal
