
Microsoft Visual Studio Solution File, Format Version 12.00
# Visual Studio Version 16
VisualStudioVersion = 16.0.30907.101
MinimumVisualStudioVersion = 10.0.40219.1
Project("{FAE04EC0-301F-11D3-BF4B-00C04F79EFBC}") = "JSON_In_Class", "JSON_In_Class\JSON_In_Class.csproj", "{A6250890-9EA8-4867-AB6F-B67F615CDDFF}"
EndProject
Global
	GlobalSection(SolutionConfigurationPlatforms) = preSolution
		Debug|Any CPU = Debug|Any CPU
		Release|Any CPU = Release|Any CPU
	EndGlobalSection
	GlobalSection(ProjectConfigurationPlatforms) = postSolution
		{A6250890-9EA8-4867-AB6F-B67F615CDDFF}.Debug|Any CPU.ActiveCfg = Debug|Any CPU
		{A6250890-9EA8-4867-AB6F-B67F615CDDFF}.Debug|Any CPU.Build.0 = Debug|Any CPU
		{A6250890-9EA8-4867-AB6F-B67F615CDDFF}.Release|Any CPU.ActiveCfg = Release|Any CPU
		{A6250890-9EA8-4867-AB6F-B67F615CDDFF}.Release|Any CPU.Build.0 = Release|Any CPU
	EndGlobalSection
	GlobalSection(SolutionProperties) = preSolution
		HideSolutionNode = FALSE
	EndGlobalSection
	GlobalSection(ExtensibilityGlobals) = postSolution
		SolutionGuid = {46972A46-D13D-4DBC-B17A-31E0D8BCAE4F}
	EndGlobalSection
EndGlobal
