
Microsoft Visual Studio Solution File, Format Version 12.00
# Visual Studio Version 16
VisualStudioVersion = 16.0.30907.101
MinimumVisualStudioVersion = 10.0.40219.1
Project("{FAE04EC0-301F-11D3-BF4B-00C04F79EFBC}") = "InClass04-08", "InClass04-08\InClass04-08.csproj", "{59EC6F5C-948E-43C8-90EC-DAB5DC5188C3}"
EndProject
Global
	GlobalSection(SolutionConfigurationPlatforms) = preSolution
		Debug|Any CPU = Debug|Any CPU
		Release|Any CPU = Release|Any CPU
	EndGlobalSection
	GlobalSection(ProjectConfigurationPlatforms) = postSolution
		{59EC6F5C-948E-43C8-90EC-DAB5DC5188C3}.Debug|Any CPU.ActiveCfg = Debug|Any CPU
		{59EC6F5C-948E-43C8-90EC-DAB5DC5188C3}.Debug|Any CPU.Build.0 = Debug|Any CPU
		{59EC6F5C-948E-43C8-90EC-DAB5DC5188C3}.Release|Any CPU.ActiveCfg = Release|Any CPU
		{59EC6F5C-948E-43C8-90EC-DAB5DC5188C3}.Release|Any CPU.Build.0 = Release|Any CPU
	EndGlobalSection
	GlobalSection(SolutionProperties) = preSolution
		HideSolutionNode = FALSE
	EndGlobalSection
	GlobalSection(ExtensibilityGlobals) = postSolution
		SolutionGuid = {0B7FB555-0332-438B-B3E6-6BA428120EC6}
	EndGlobalSection
EndGlobal
